// !$*UTF8*$!
{
	archiveVersion = 1;
	classes = {
	};
	objectVersion = 46;
	objects = {

/* Begin PBXBuildFile section */
		BBA9A8251C2D9EEF00CE70D1 /* main.m in Sources */ = {isa = PBXBuildFile; fileRef = BBA9A8241C2D9EEF00CE70D1 /* main.m */; };
		BBA9A8281C2D9EEF00CE70D1 /* AppDelegate.m in Sources */ = {isa = PBXBuildFile; fileRef = BBA9A8271C2D9EEF00CE70D1 /* AppDelegate.m */; };
		BBA9A82B1C2D9EEF00CE70D1 /* ViewController.m in Sources */ = {isa = PBXBuildFile; fileRef = BBA9A82A1C2D9EEF00CE70D1 /* ViewController.m */; };
		BBA9A82E1C2D9EEF00CE70D1 /* Main.storyboard in Resources */ = {isa = PBXBuildFile; fileRef = BBA9A82C1C2D9EEF00CE70D1 /* Main.storyboard */; };
		BBA9A8301C2D9EEF00CE70D1 /* Assets.xcassets in Resources */ = {isa = PBXBuildFile; fileRef = BBA9A82F1C2D9EEF00CE70D1 /* Assets.xcassets */; };
		BBA9A8331C2D9EEF00CE70D1 /* LaunchScreen.storyboard in Resources */ = {isa = PBXBuildFile; fileRef = BBA9A8311C2D9EEF00CE70D1 /* LaunchScreen.storyboard */; };
		BBA9A83C1C2D9F2D00CE70D1 /* Calculate.m in Sources */ = {isa = PBXBuildFile; fileRef = BBA9A83B1C2D9F2D00CE70D1 /* Calculate.m */; };
		BBA9A83F1C2DA07F00CE70D1 /* Add.m in Sources */ = {isa = PBXBuildFile; fileRef = BBA9A83E1C2DA07F00CE70D1 /* Add.m */; };
		BBA9A8421C2DA14A00CE70D1 /* minus.m in Sources */ = {isa = PBXBuildFile; fileRef = BBA9A8411C2DA14A00CE70D1 /* minus.m */; };
		BBA9A8451C2DA21500CE70D1 /* Multiplication.m in Sources */ = {isa = PBXBuildFile; fileRef = BBA9A8441C2DA21500CE70D1 /* Multiplication.m */; };
		BBA9A8481C2DA24A00CE70D1 /* Divided.m in Sources */ = {isa = PBXBuildFile; fileRef = BBA9A8471C2DA24A00CE70D1 /* Divided.m */; };
		BBA9A84B1C2DA2C700CE70D1 /* CalculateFactory.m in Sources */ = {isa = PBXBuildFile; fileRef = BBA9A84A1C2DA2C700CE70D1 /* CalculateFactory.m */; };
/* End PBXBuildFile section */

/* Begin PBXFileReference section */
		BBA9A8201C2D9EEF00CE70D1 /* 计算器001.app */ = {isa = PBXFileReference; explicitFileType = wrapper.application; includeInIndex = 0; path = "计算器001.app"; sourceTree = BUILT_PRODUCTS_DIR; };
		BBA9A8241C2D9EEF00CE70D1 /* main.m */ = {isa = PBXFileReference; lastKnownFileType = sourcecode.c.objc; path = main.m; sourceTree = "<group>"; };
		BBA9A8261C2D9EEF00CE70D1 /* AppDelegate.h */ = {isa = PBXFileReference; lastKnownFileType = sourcecode.c.h; path = AppDelegate.h; sourceTree = "<group>"; };
		BBA9A8271C2D9EEF00CE70D1 /* AppDelegate.m */ = {isa = PBXFileReference; lastKnownFileType = sourcecode.c.objc; path = AppDelegate.m; sourceTree = "<group>"; };
		BBA9A8291C2D9EEF00CE70D1 /* ViewController.h */ = {isa = PBXFileReference; lastKnownFileType = sourcecode.c.h; path = ViewController.h; sourceTree = "<group>"; };
		BBA9A82A1C2D9EEF00CE70D1 /* ViewController.m */ = {isa = PBXFileReference; lastKnownFileType = sourcecode.c.objc; path = ViewController.m; sourceTree = "<group>"; };
		BBA9A82D1C2D9EEF00CE70D1 /* Base */ = {isa = PBXFileReference; lastKnownFileType = file.storyboard; name = Base; path = Base.lproj/Main.storyboard; sourceTree = "<group>"; };
		BBA9A82F1C2D9EEF00CE70D1 /* Assets.xcassets */ = {isa = PBXFileReference; lastKnownFileType = folder.assetcatalog; path = Assets.xcassets; sourceTree = "<group>"; };
		BBA9A8321C2D9EEF00CE70D1 /* Base */ = {isa = PBXFileReference; lastKnownFileType = file.storyboard; name = Base; path = Base.lproj/LaunchScreen.storyboard; sourceTree = "<group>"; };
		BBA9A8341C2D9EEF00CE70D1 /* Info.plist */ = {isa = PBXFileReference; lastKnownFileType = text.plist.xml; path = Info.plist; sourceTree = "<group>"; };
		BBA9A83A1C2D9F2D00CE70D1 /* Calculate.h */ = {isa = PBXFileReference; fileEncoding = 4; lastKnownFileType = sourcecode.c.h; path = Calculate.h; sourceTree = "<group>"; };
		BBA9A83B1C2D9F2D00CE70D1 /* Calculate.m */ = {isa = PBXFileReference; fileEncoding = 4; lastKnownFileType = sourcecode.c.objc; path = Calculate.m; sourceTree = "<group>"; };
		BBA9A83D1C2DA07F00CE70D1 /* Add.h */ = {isa = PBXFileReference; fileEncoding = 4; lastKnownFileType = sourcecode.c.h; path = Add.h; sourceTree = "<group>"; };
		BBA9A83E1C2DA07F00CE70D1 /* Add.m */ = {isa = PBXFileReference; fileEncoding = 4; lastKnownFileType = sourcecode.c.objc; path = Add.m; sourceTree = "<group>"; };
		BBA9A8401C2DA14A00CE70D1 /* minus.h */ = {isa = PBXFileReference; fileEncoding = 4; lastKnownFileType = sourcecode.c.h; path = minus.h; sourceTree = "<group>"; };
		BBA9A8411C2DA14A00CE70D1 /* minus.m */ = {isa = PBXFileReference; fileEncoding = 4; lastKnownFileType = sourcecode.c.objc; path = minus.m; sourceTree = "<group>"; };
		BBA9A8431C2DA21500CE70D1 /* Multiplication.h */ = {isa = PBXFileReference; fileEncoding = 4; lastKnownFileType = sourcecode.c.h; path = Multiplication.h; sourceTree = "<group>"; };
		BBA9A8441C2DA21500CE70D1 /* Multiplication.m */ = {isa = PBXFileReference; fileEncoding = 4; lastKnownFileType = sourcecode.c.objc; path = Multiplication.m; sourceTree = "<group>"; };
		BBA9A8461C2DA24A00CE70D1 /* Divided.h */ = {isa = PBXFileReference; fileEncoding = 4; lastKnownFileType = sourcecode.c.h; path = Divided.h; sourceTree = "<group>"; };
		BBA9A8471C2DA24A00CE70D1 /* Divided.m */ = {isa = PBXFileReference; fileEncoding = 4; lastKnownFileType = sourcecode.c.objc; path = Divided.m; sourceTree = "<group>"; };
		BBA9A8491C2DA2C700CE70D1 /* CalculateFactory.h */ = {isa = PBXFileReference; fileEncoding = 4; lastKnownFileType = sourcecode.c.h; path = CalculateFactory.h; sourceTree = "<group>"; };
		BBA9A84A1C2DA2C700CE70D1 /* CalculateFactory.m */ = {isa = PBXFileReference; fileEncoding = 4; lastKnownFileType = sourcecode.c.objc; path = CalculateFactory.m; sourceTree = "<group>"; };
/* End PBXFileReference section */

/* Begin PBXFrameworksBuildPhase section */
		BBA9A81D1C2D9EEF00CE70D1 /* Frameworks */ = {
			isa = PBXFrameworksBuildPhase;
			buildActionMask = 2147483647;
			files = (
			);
			runOnlyForDeploymentPostprocessing = 0;
		};
/* End PBXFrameworksBuildPhase section */

/* Begin PBXGroup section */
		BBA9A8171C2D9EEF00CE70D1 = {
			isa = PBXGroup;
			children = (
				BBA9A8221C2D9EEF00CE70D1 /* 计算器001 */,
				BBA9A8211C2D9EEF00CE70D1 /* Products */,
			);
			sourceTree = "<group>";
		};
		BBA9A8211C2D9EEF00CE70D1 /* Products */ = {
			isa = PBXGroup;
			children = (
				BBA9A8201C2D9EEF00CE70D1 /* 计算器001.app */,
			);
			name = Products;
			sourceTree = "<group>";
		};
		BBA9A8221C2D9EEF00CE70D1 /* 计算器001 */ = {
			isa = PBXGroup;
			children = (
				BBA9A8261C2D9EEF00CE70D1 /* AppDelegate.h */,
				BBA9A8271C2D9EEF00CE70D1 /* AppDelegate.m */,
				BBA9A8291C2D9EEF00CE70D1 /* ViewController.h */,
				BBA9A82A1C2D9EEF00CE70D1 /* ViewController.m */,
				BBA9A82C1C2D9EEF00CE70D1 /* Main.storyboard */,
				BBA9A82F1C2D9EEF00CE70D1 /* Assets.xcassets */,
				BBA9A8311C2D9EEF00CE70D1 /* LaunchScreen.storyboard */,
				BBA9A8341C2D9EEF00CE70D1 /* Info.plist */,
				BBA9A8231C2D9EEF00CE70D1 /* Supporting Files */,
				BBA9A83A1C2D9F2D00CE70D1 /* Calculate.h */,
				BBA9A83B1C2D9F2D00CE70D1 /* Calculate.m */,
				BBA9A83D1C2DA07F00CE70D1 /* Add.h */,
				BBA9A83E1C2DA07F00CE70D1 /* Add.m */,
				BBA9A8401C2DA14A00CE70D1 /* minus.h */,
				BBA9A8411C2DA14A00CE70D1 /* minus.m */,
				BBA9A8431C2DA21500CE70D1 /* Multiplication.h */,
				BBA9A8441C2DA21500CE70D1 /* Multiplication.m */,
				BBA9A8461C2DA24A00CE70D1 /* Divided.h */,
				BBA9A8471C2DA24A00CE70D1 /* Divided.m */,
				BBA9A8491C2DA2C700CE70D1 /* CalculateFactory.h */,
				BBA9A84A1C2DA2C700CE70D1 /* CalculateFactory.m */,
			);
			path = "计算器001";
			sourceTree = "<group>";
		};
		BBA9A8231C2D9EEF00CE70D1 /* Supporting Files */ = {
			isa = PBXGroup;
			children = (
				BBA9A8241C2D9EEF00CE70D1 /* main.m */,
			);
			name = "Supporting Files";
			sourceTree = "<group>";
		};
/* End PBXGroup section */

/* Begin PBXNativeTarget section */
		BBA9A81F1C2D9EEF00CE70D1 /* 计算器001 */ = {
			isa = PBXNativeTarget;
			buildConfigurationList = BBA9A8371C2D9EEF00CE70D1 /* Build configuration list for PBXNativeTarget "计算器001" */;
			buildPhases = (
				BBA9A81C1C2D9EEF00CE70D1 /* Sources */,
				BBA9A81D1C2D9EEF00CE70D1 /* Frameworks */,
				BBA9A81E1C2D9EEF00CE70D1 /* Resources */,
			);
			buildRules = (
			);
			dependencies = (
			);
			name = "计算器001";
			productName = "计算器001";
			productReference = BBA9A8201C2D9EEF00CE70D1 /* 计算器001.app */;
			productType = "com.apple.product-type.application";
		};
/* End PBXNativeTarget section */

/* Begin PBXProject section */
		BBA9A8181C2D9EEF00CE70D1 /* Project object */ = {
			isa = PBXProject;
			attributes = {
				LastUpgradeCheck = 0710;
				ORGANIZATIONNAME = ChenShuKun;
				TargetAttributes = {
					BBA9A81F1C2D9EEF00CE70D1 = {
						CreatedOnToolsVersion = 7.1;
					};
				};
			};
			buildConfigurationList = BBA9A81B1C2D9EEF00CE70D1 /* Build configuration list for PBXProject "计算器001" */;
			compatibilityVersion = "Xcode 3.2";
			developmentRegion = English;
			hasScannedForEncodings = 0;
			knownRegions = (
				en,
				Base,
			);
			mainGroup = BBA9A8171C2D9EEF00CE70D1;
			productRefGroup = BBA9A8211C2D9EEF00CE70D1 /* Products */;
			projectDirPath = "";
			projectRoot = "";
			targets = (
				BBA9A81F1C2D9EEF00CE70D1 /* 计算器001 */,
			);
		};
/* End PBXProject section */

/* Begin PBXResourcesBuildPhase section */
		BBA9A81E1C2D9EEF00CE70D1 /* Resources */ = {
			isa = PBXResourcesBuildPhase;
			buildActionMask = 2147483647;
			files = (
				BBA9A8331C2D9EEF00CE70D1 /* LaunchScreen.storyboard in Resources */,
				BBA9A8301C2D9EEF00CE70D1 /* Assets.xcassets in Resources */,
				BBA9A82E1C2D9EEF00CE70D1 /* Main.storyboard in Resources */,
			);
			runOnlyForDeploymentPostprocessing = 0;
		};
/* End PBXResourcesBuildPhase section */

/* Begin PBXSourcesBuildPhase section */
		BBA9A81C1C2D9EEF00CE70D1 /* Sources */ = {
			isa = PBXSourcesBuildPhase;
			buildActionMask = 2147483647;
			files = (
				BBA9A8421C2DA14A00CE70D1 /* minus.m in Sources */,
				BBA9A84B1C2DA2C700CE70D1 /* CalculateFactory.m in Sources */,
				BBA9A83C1C2D9F2D00CE70D1 /* Calculate.m in Sources */,
				BBA9A82B1C2D9EEF00CE70D1 /* ViewController.m in Sources */,
				BBA9A8451C2DA21500CE70D1 /* Multiplication.m in Sources */,
				BBA9A8281C2D9EEF00CE70D1 /* AppDelegate.m in Sources */,
				BBA9A8481C2DA24A00CE70D1 /* Divided.m in Sources */,
				BBA9A83F1C2DA07F00CE70D1 /* Add.m in Sources */,
				BBA9A8251C2D9EEF00CE70D1 /* main.m in Sources */,
			);
			runOnlyForDeploymentPostprocessing = 0;
		};
/* End PBXSourcesBuildPhase section */

/* Begin PBXVariantGroup section */
		BBA9A82C1C2D9EEF00CE70D1 /* Main.storyboard */ = {
			isa = PBXVariantGroup;
			children = (
				BBA9A82D1C2D9EEF00CE70D1 /* Base */,
			);
			name = Main.storyboard;
			sourceTree = "<group>";
		};
		BBA9A8311C2D9EEF00CE70D1 /* LaunchScreen.storyboard */ = {
			isa = PBXVariantGroup;
			children = (
				BBA9A8321C2D9EEF00CE70D1 /* Base */,
			);
			name = LaunchScreen.storyboard;
			sourceTree = "<group>";
		};
/* End PBXVariantGroup section */

/* Begin XCBuildConfiguration section */
		BBA9A8351C2D9EEF00CE70D1 /* Debug */ = {
			isa = XCBuildConfiguration;
			buildSettings = {
				ALWAYS_SEARCH_USER_PATHS = NO;
				CLANG_CXX_LANGUAGE_STANDARD = "gnu++0x";
				CLANG_CXX_LIBRARY = "libc++";
				CLANG_ENABLE_MODULES = YES;
				CLANG_ENABLE_OBJC_ARC = YES;
				CLANG_WARN_BOOL_CONVERSION = YES;
				CLANG_WARN_CONSTANT_CONVERSION = YES;
				CLANG_WARN_DIRECT_OBJC_ISA_USAGE = YES_ERROR;
				CLANG_WARN_EMPTY_BODY = YES;
				CLANG_WARN_ENUM_CONVERSION = YES;
				CLANG_WARN_INT_CONVERSION = YES;
				CLANG_WARN_OBJC_ROOT_CLASS = YES_ERROR;
				CLANG_WARN_UNREACHABLE_CODE = YES;
				CLANG_WARN__DUPLICATE_METHOD_MATCH = YES;
				"CODE_SIGN_IDENTITY[sdk=iphoneos*]" = "iPhone Developer";
				COPY_PHASE_STRIP = NO;
				DEBUG_INFORMATION_FORMAT = dwarf;
				ENABLE_STRICT_OBJC_MSGSEND = YES;
				ENABLE_TESTABILITY = YES;
				GCC_C_LANGUAGE_STANDARD = gnu99;
				GCC_DYNAMIC_NO_PIC = NO;
				GCC_NO_COMMON_BLOCKS = YES;
				GCC_OPTIMIZATION_LEVEL = 0;
				GCC_PREPROCESSOR_DEFINITIONS = (
					"DEBUG=1",
					"$(inherited)",
				);
				GCC_WARN_64_TO_32_BIT_CONVERSION = YES;
				GCC_WARN_ABOUT_RETURN_TYPE = YES_ERROR;
				GCC_WARN_UNDECLARED_SELECTOR = YES;
				GCC_WARN_UNINITIALIZED_AUTOS = YES_AGGRESSIVE;
				GCC_WARN_UNUSED_FUNCTION = YES;
				GCC_WARN_UNUSED_VARIABLE = YES;
				IPHONEOS_DEPLOYMENT_TARGET = 9.1;
				MTL_ENABLE_DEBUG_INFO = YES;
				ONLY_ACTIVE_ARCH = YES;
				SDKROOT = iphoneos;
			};
			name = Debug;
		};
		BBA9A8361C2D9EEF00CE70D1 /* Release */ = {
			isa = XCBuildConfiguration;
			buildSettings = {
				ALWAYS_SEARCH_USER_PATHS = NO;
				CLANG_CXX_LANGUAGE_STANDARD = "gnu++0x";
				CLANG_CXX_LIBRARY = "libc++";
				CLANG_ENABLE_MODULES = YES;
				CLANG_ENABLE_OBJC_ARC = YES;
				CLANG_WARN_BOOL_CONVERSION = YES;
				CLANG_WARN_CONSTANT_CONVERSION = YES;
				CLANG_WARN_DIRECT_OBJC_ISA_USAGE = YES_ERROR;
				CLANG_WARN_EMPTY_BODY = YES;
				CLANG_WARN_ENUM_CONVERSION = YES;
				CLANG_WARN_INT_CONVERSION = YES;
				CLANG_WARN_OBJC_ROOT_CLASS = YES_ERROR;
				CLANG_WARN_UNREACHABLE_CODE = YES;
				CLANG_WARN__DUPLICATE_METHOD_MATCH = YES;
				"CODE_SIGN_IDENTITY[sdk=iphoneos*]" = "iPhone Developer";
				COPY_PHASE_STRIP = NO;
				DEBUG_INFORMATION_FORMAT = "dwarf-with-dsym";
				ENABLE_NS_ASSERTIONS = NO;
				ENABLE_STRICT_OBJC_MSGSEND = YES;
				GCC_C_LANGUAGE_STANDARD = gnu99;
				GCC_NO_COMMON_BLOCKS = YES;
				GCC_WARN_64_TO_32_BIT_CONVERSION = YES;
				GCC_WARN_ABOUT_RETURN_TYPE = YES_ERROR;
				GCC_WARN_UNDECLARED_SELECTOR = YES;
				GCC_WARN_UNINITIALIZED_AUTOS = YES_AGGRESSIVE;
				GCC_WARN_UNUSED_FUNCTION = YES;
				GCC_WARN_UNUSED_VARIABLE = YES;
				IPHONEOS_DEPLOYMENT_TARGET = 9.1;
				MTL_ENABLE_DEBUG_INFO = NO;
				SDKROOT = iphoneos;
				VALIDATE_PRODUCT = YES;
			};
			name = Release;
		};
		BBA9A8381C2D9EEF00CE70D1 /* Debug */ = {
			isa = XCBuildConfiguration;
			buildSettings = {
				ASSETCATALOG_COMPILER_APPICON_NAME = AppIcon;
				INFOPLIST_FILE = "计算器001/Info.plist";
				LD_RUNPATH_SEARCH_PATHS = "$(inherited) @executable_path/Frameworks";
				PRODUCT_BUNDLE_IDENTIFIER = "net.626Qichuang..---001";
				PRODUCT_NAME = "$(TARGET_NAME)";
			};
			name = Debug;
		};
		BBA9A8391C2D9EEF00CE70D1 /* Release */ = {
			isa = XCBuildConfiguration;
			buildSettings = {
				ASSETCATALOG_COMPILER_APPICON_NAME = AppIcon;
				INFOPLIST_FILE = "计算器001/Info.plist";
				LD_RUNPATH_SEARCH_PATHS = "$(inherited) @executable_path/Frameworks";
				PRODUCT_BUNDLE_IDENTIFIER = "net.626Qichuang..---001";
				PRODUCT_NAME = "$(TARGET_NAME)";
			};
			name = Release;
		};
/* End XCBuildConfiguration section */

/* Begin XCConfigurationList section */
		BBA9A81B1C2D9EEF00CE70D1 /* Build configuration list for PBXProject "计算器001" */ = {
			isa = XCConfigurationList;
			buildConfigurations = (
				BBA9A8351C2D9EEF00CE70D1 /* Debug */,
				BBA9A8361C2D9EEF00CE70D1 /* Release */,
			);
			defaultConfigurationIsVisible = 0;
			defaultConfigurationName = Release;
		};
		BBA9A8371C2D9EEF00CE70D1 /* Build configuration list for PBXNativeTarget "计算器001" */ = {
			isa = XCConfigurationList;
			buildConfigurations = (
				BBA9A8381C2D9EEF00CE70D1 /* Debug */,
				BBA9A8391C2D9EEF00CE70D1 /* Release */,
			);
			defaultConfigurationIsVisible = 0;
		};
/* End XCConfigurationList section */
	};
	rootObject = BBA9A8181C2D9EEF00CE70D1 /* Project object */;
}
